
Microsoft Visual Studio Solution File, Format Version 12.00
# Visual Studio 2012
Project("{8BC9CEB8-8B4A-11D0-8D11-00A0C91BC942}") = "HttpHeaderReader", "HttpHeaderReader\HttpHeaderReader.vcxproj", "{FF2A4696-FEDB-4AE3-A69A-A9F8E392F74D}"
EndProject
Global
	GlobalSection(SolutionConfigurationPlatforms) = preSolution
		Debug|Win32 = Debug|Win32
		Release|Win32 = Release|Win32
	EndGlobalSection
	GlobalSection(ProjectConfigurationPlatforms) = postSolution
		{FF2A4696-FEDB-4AE3-A69A-A9F8E392F74D}.Debug|Win32.ActiveCfg = Debug|Win32
		{FF2A4696-FEDB-4AE3-A69A-A9F8E392F74D}.Debug|Win32.Build.0 = Debug|Win32
		{FF2A4696-FEDB-4AE3-A69A-A9F8E392F74D}.Release|Win32.ActiveCfg = Release|Win32
		{FF2A4696-FEDB-4AE3-A69A-A9F8E392F74D}.Release|Win32.Build.0 = Release|Win32
	EndGlobalSection
	GlobalSection(SolutionProperties) = preSolution
		HideSolutionNode = FALSE
	EndGlobalSection
EndGlobal
